
Microsoft Visual Studio Solution File, Format Version 12.00
Project("{2150E333-8FDC-42A3-9474-1A3956D46DE8}") = "src", "src", "{11C5E0A4-0395-43B6-8FC2-AD5D62DC2FE0}"
EndProject
Project("{FAE04EC0-301F-11D3-BF4B-00C04F79EFBC}") = "Application", "src\Application\Application.csproj", "{DE045CEA-7674-4121-AD40-1436E1BD3F09}"
EndProject
Project("{FAE04EC0-301F-11D3-BF4B-00C04F79EFBC}") = "Domain", "src\Domain\Domain.csproj", "{E2A24EA2-9553-4569-B661-2AEE9B23A785}"
EndProject
Project("{FAE04EC0-301F-11D3-BF4B-00C04F79EFBC}") = "Infrastructure", "src\Infrastructure\Infrastructure.csproj", "{9097DE25-C04C-415A-B773-67927D5FE461}"
EndProject
Project("{FAE04EC0-301F-11D3-BF4B-00C04F79EFBC}") = "Shared", "src\Shared\Shared.csproj", "{28C79901-847A-41C2-9E15-73C8851558DA}"
EndProject
Project("{FAE04EC0-301F-11D3-BF4B-00C04F79EFBC}") = "Web.Api", "src\Web.Api\Web.Api.csproj", "{4F292BBF-4E47-46CA-822E-227DEA5F4997}"
EndProject
Project("{2150E333-8FDC-42A3-9474-1A3956D46DE8}") = "Solution Items", "Solution Items", "{CD25CC2F-0331-4EB2-8C29-BA6C830E6D16}"
	ProjectSection(SolutionItems) = preProject
		docker-compose.yml = docker-compose.yml
		readme.md = readme.md
	EndProjectSection
EndProject
Project("{2150E333-8FDC-42A3-9474-1A3956D46DE8}") = "tests", "tests", "{F1224C22-F020-409B-96A4-97D47631CEA2}"
EndProject
Project("{FAE04EC0-301F-11D3-BF4B-00C04F79EFBC}") = "IntegrationTests", "tests\IntegrationTests\IntegrationTests.csproj", "{0C2030DB-659B-485E-8073-4710BA99F0E5}"
EndProject
Project("{FAE04EC0-301F-11D3-BF4B-00C04F79EFBC}") = "UnitTests", "tests\UnitTests\UnitTests.csproj", "{9D163927-BD5E-4425-AC1D-0BB9B49C5D7E}"
EndProject
Project("{FAE04EC0-301F-11D3-BF4B-00C04F79EFBC}") = "FunctionalTests", "tests\FunctionalTests\FunctionalTests.csproj", "{3F344E3B-BE62-46EB-AFD9-E2055629BCEF}"
EndProject
Global
	GlobalSection(SolutionConfigurationPlatforms) = preSolution
		Debug|Any CPU = Debug|Any CPU
		Release|Any CPU = Release|Any CPU
	EndGlobalSection
	GlobalSection(NestedProjects) = preSolution
		{DE045CEA-7674-4121-AD40-1436E1BD3F09} = {11C5E0A4-0395-43B6-8FC2-AD5D62DC2FE0}
		{E2A24EA2-9553-4569-B661-2AEE9B23A785} = {11C5E0A4-0395-43B6-8FC2-AD5D62DC2FE0}
		{9097DE25-C04C-415A-B773-67927D5FE461} = {11C5E0A4-0395-43B6-8FC2-AD5D62DC2FE0}
		{28C79901-847A-41C2-9E15-73C8851558DA} = {11C5E0A4-0395-43B6-8FC2-AD5D62DC2FE0}
		{4F292BBF-4E47-46CA-822E-227DEA5F4997} = {11C5E0A4-0395-43B6-8FC2-AD5D62DC2FE0}
		{0C2030DB-659B-485E-8073-4710BA99F0E5} = {F1224C22-F020-409B-96A4-97D47631CEA2}
		{9D163927-BD5E-4425-AC1D-0BB9B49C5D7E} = {F1224C22-F020-409B-96A4-97D47631CEA2}
		{3F344E3B-BE62-46EB-AFD9-E2055629BCEF} = {F1224C22-F020-409B-96A4-97D47631CEA2}
	EndGlobalSection
	GlobalSection(ProjectConfigurationPlatforms) = postSolution
		{DE045CEA-7674-4121-AD40-1436E1BD3F09}.Debug|Any CPU.ActiveCfg = Debug|Any CPU
		{DE045CEA-7674-4121-AD40-1436E1BD3F09}.Debug|Any CPU.Build.0 = Debug|Any CPU
		{DE045CEA-7674-4121-AD40-1436E1BD3F09}.Release|Any CPU.ActiveCfg = Release|Any CPU
		{DE045CEA-7674-4121-AD40-1436E1BD3F09}.Release|Any CPU.Build.0 = Release|Any CPU
		{E2A24EA2-9553-4569-B661-2AEE9B23A785}.Debug|Any CPU.ActiveCfg = Debug|Any CPU
		{E2A24EA2-9553-4569-B661-2AEE9B23A785}.Debug|Any CPU.Build.0 = Debug|Any CPU
		{E2A24EA2-9553-4569-B661-2AEE9B23A785}.Release|Any CPU.ActiveCfg = Release|Any CPU
		{E2A24EA2-9553-4569-B661-2AEE9B23A785}.Release|Any CPU.Build.0 = Release|Any CPU
		{9097DE25-C04C-415A-B773-67927D5FE461}.Debug|Any CPU.ActiveCfg = Debug|Any CPU
		{9097DE25-C04C-415A-B773-67927D5FE461}.Debug|Any CPU.Build.0 = Debug|Any CPU
		{9097DE25-C04C-415A-B773-67927D5FE461}.Release|Any CPU.ActiveCfg = Release|Any CPU
		{9097DE25-C04C-415A-B773-67927D5FE461}.Release|Any CPU.Build.0 = Release|Any CPU
		{28C79901-847A-41C2-9E15-73C8851558DA}.Debug|Any CPU.ActiveCfg = Debug|Any CPU
		{28C79901-847A-41C2-9E15-73C8851558DA}.Debug|Any CPU.Build.0 = Debug|Any CPU
		{28C79901-847A-41C2-9E15-73C8851558DA}.Release|Any CPU.ActiveCfg = Release|Any CPU
		{28C79901-847A-41C2-9E15-73C8851558DA}.Release|Any CPU.Build.0 = Release|Any CPU
		{4F292BBF-4E47-46CA-822E-227DEA5F4997}.Debug|Any CPU.ActiveCfg = Debug|Any CPU
		{4F292BBF-4E47-46CA-822E-227DEA5F4997}.Debug|Any CPU.Build.0 = Debug|Any CPU
		{4F292BBF-4E47-46CA-822E-227DEA5F4997}.Release|Any CPU.ActiveCfg = Release|Any CPU
		{4F292BBF-4E47-46CA-822E-227DEA5F4997}.Release|Any CPU.Build.0 = Release|Any CPU
		{0C2030DB-659B-485E-8073-4710BA99F0E5}.Debug|Any CPU.ActiveCfg = Debug|Any CPU
		{0C2030DB-659B-485E-8073-4710BA99F0E5}.Debug|Any CPU.Build.0 = Debug|Any CPU
		{0C2030DB-659B-485E-8073-4710BA99F0E5}.Release|Any CPU.ActiveCfg = Release|Any CPU
		{0C2030DB-659B-485E-8073-4710BA99F0E5}.Release|Any CPU.Build.0 = Release|Any CPU
		{9D163927-BD5E-4425-AC1D-0BB9B49C5D7E}.Debug|Any CPU.ActiveCfg = Debug|Any CPU
		{9D163927-BD5E-4425-AC1D-0BB9B49C5D7E}.Debug|Any CPU.Build.0 = Debug|Any CPU
		{9D163927-BD5E-4425-AC1D-0BB9B49C5D7E}.Release|Any CPU.ActiveCfg = Release|Any CPU
		{9D163927-BD5E-4425-AC1D-0BB9B49C5D7E}.Release|Any CPU.Build.0 = Release|Any CPU
		{3F344E3B-BE62-46EB-AFD9-E2055629BCEF}.Debug|Any CPU.ActiveCfg = Debug|Any CPU
		{3F344E3B-BE62-46EB-AFD9-E2055629BCEF}.Debug|Any CPU.Build.0 = Debug|Any CPU
		{3F344E3B-BE62-46EB-AFD9-E2055629BCEF}.Release|Any CPU.ActiveCfg = Release|Any CPU
		{3F344E3B-BE62-46EB-AFD9-E2055629BCEF}.Release|Any CPU.Build.0 = Release|Any CPU
	EndGlobalSection
EndGlobal
